<?xml version="1.0" encoding="utf-8"?>
<Project ToolsVersion="4.0" xmlns="http://schemas.microsoft.com/developer/msbuild/2003">
  <ItemGroup>
    <Filter Include="Source Files">
      <UniqueIdentifier>{4FC737F1-C7A5-4376-A066-2A32D752A2FF}</UniqueIdentifier>
      <Extensions>cpp;c;cc;cxx;def;odl;idl;hpj;bat;asm;asmx</Extensions>
    </Filter>
    <Filter Include="Header Files">
      <UniqueIdentifier>{93995380-89BD-4b04-88EB-625FBE52EBFB}</UniqueIdentifier>
      <Extensions>h;hpp;hxx;hm;inl;inc;xsd</Extensions>
    </Filter>
    <Filter Include="Resource Files">
      <UniqueIdentifier>{67DA6AB6-F800-4c08-8B7A-83BB121AAD01}</UniqueIdentifier>
      <Extensions>rc;ico;cur;bmp;dlg;rc2;rct;bin;rgs;gif;jpg;jpeg;jpe;resx;tiff;tif;png;wav;mfcribbon-ms</Extensions>
    </Filter>
  </ItemGroup>
  <ItemGroup>
    <ClCompile Include="Ammo.cpp">
      <Filter>Source Files</Filter>
    </ClCompile>
    <ClCompile Include="Armor.cpp">
      <Filter>Source Files</Filter>
    </ClCompile>
    <ClCompile Include="Consumable.cpp">
      <Filter>Source Files</Filter>
    </ClCompile>
    <ClCompile Include="Creature.cpp">
      <Filter>Source Files</Filter>
    </ClCompile>
    <ClCompile Include="CreatureFactory.cpp">
      <Filter>Source Files</Filter>
    </ClCompile>
    <ClCompile Include="DungeonLevel.cpp">
      <Filter>Source Files</Filter>
    </ClCompile>
    <ClCompile Include="Entity.cpp">
      <Filter>Source Files</Filter>
    </ClCompile>
    <ClCompile Include="Food.cpp">
      <Filter>Source Files</Filter>
    </ClCompile>
    <ClCompile Include="main_cl.cpp">
      <Filter>Resource Files</Filter>
    </ClCompile>
    <ClCompile Include="Gold.cpp">
      <Filter>Source Files</Filter>
    </ClCompile>
    <ClCompile Include="Item.cpp">
      <Filter>Source Files</Filter>
    </ClCompile>
    <ClCompile Include="ItemFactory.cpp">
      <Filter>Source Files</Filter>
    </ClCompile>
    <ClCompile Include="main.cpp">
      <Filter>Source Files</Filter>
    </ClCompile>
    <ClCompile Include="main_console.cpp">
      <Filter>Source Files</Filter>
    </ClCompile>
    <ClCompile Include="OutputXML.cpp">
      <Filter>Source Files</Filter>
    </ClCompile>
    <ClCompile Include="parseElement.cpp">
      <Filter>Source Files</Filter>
    </ClCompile>
    <ClCompile Include="parseXML.cpp">
      <Filter>Source Files</Filter>
    </ClCompile>
    <ClCompile Include="Player.cpp">
      <Filter>Source Files</Filter>
    </ClCompile>
    <ClCompile Include="Potion.cpp">
      <Filter>Source Files</Filter>
    </ClCompile>
    <ClCompile Include="Scroll.cpp">
      <Filter>Source Files</Filter>
    </ClCompile>
    <ClCompile Include="SpellBook.cpp">
      <Filter>Source Files</Filter>
    </ClCompile>
    <ClCompile Include="SpitOutOntoConsole.cpp">
      <Filter>Source Files</Filter>
    </ClCompile>
    <ClCompile Include="Tile.cpp">
      <Filter>Source Files</Filter>
    </ClCompile>
    <ClCompile Include="UnitTest.cpp">
      <Filter>Source Files</Filter>
    </ClCompile>
    <ClCompile Include="Wand.cpp">
      <Filter>Source Files</Filter>
    </ClCompile>
    <ClCompile Include="Weapon.cpp">
      <Filter>Source Files</Filter>
    </ClCompile>
    <ClCompile Include="XMLSerializable.cpp">
      <Filter>Source Files</Filter>
    </ClCompile>
    <ClCompile Include="XML Serialization.cpp">
      <Filter>Source Files</Filter>
    </ClCompile>
  </ItemGroup>
  <ItemGroup>
    <ClInclude Include="Food.h">
      <Filter>Source Files</Filter>
    </ClInclude>
    <ClInclude Include="Ammo.h">
      <Filter>Source Files</Filter>
    </ClInclude>
    <ClInclude Include="Armor.h">
      <Filter>Source Files</Filter>
    </ClInclude>
    <ClInclude Include="Consumable.h">
      <Filter>Source Files</Filter>
    </ClInclude>
    <ClInclude Include="Creature.h">
      <Filter>Source Files</Filter>
    </ClInclude>
    <ClInclude Include="CreatureFactory.h">
      <Filter>Source Files</Filter>
    </ClInclude>
    <ClInclude Include="DungeonLevel.h">
      <Filter>Source Files</Filter>
    </ClInclude>
    <ClInclude Include="Entity.h">
      <Filter>Source Files</Filter>
    </ClInclude>
    <ClInclude Include="Gold.h">
      <Filter>Source Files</Filter>
    </ClInclude>
    <ClInclude Include="Item.h">
      <Filter>Source Files</Filter>
    </ClInclude>
    <ClInclude Include="ItemFactory.h">
      <Filter>Source Files</Filter>
    </ClInclude>
    <ClInclude Include="OutputXML.h">
      <Filter>Source Files</Filter>
    </ClInclude>
    <ClInclude Include="parseElement.h">
      <Filter>Source Files</Filter>
    </ClInclude>
    <ClInclude Include="parseXML.h">
      <Filter>Source Files</Filter>
    </ClInclude>
    <ClInclude Include="Player.h">
      <Filter>Source Files</Filter>
    </ClInclude>
    <ClInclude Include="Potion.h">
      <Filter>Source Files</Filter>
    </ClInclude>
    <ClInclude Include="Scroll.h">
      <Filter>Source Files</Filter>
    </ClInclude>
    <ClInclude Include="SpellBook.h">
      <Filter>Source Files</Filter>
    </ClInclude>
    <ClInclude Include="SpitOutOntoConsole.h">
      <Filter>Source Files</Filter>
    </ClInclude>
    <ClInclude Include="XMLSerialization.h">
      <Filter>Source Files</Filter>
    </ClInclude>
    <ClInclude Include="Tile.h">
      <Filter>Source Files</Filter>
    </ClInclude>
    <ClInclude Include="UnitTest.h">
      <Filter>Source Files</Filter>
    </ClInclude>
    <ClInclude Include="Wand.h">
      <Filter>Source Files</Filter>
    </ClInclude>
    <ClInclude Include="Weapon.h">
      <Filter>Source Files</Filter>
    </ClInclude>
    <ClInclude Include="XMLSerializable.h">
      <Filter>Source Files</Filter>
    </ClInclude>
  </ItemGroup>
  <ItemGroup>
    <Xml Include="critters.xml">
      <Filter>Resource Files</Filter>
    </Xml>
    <Xml Include="items.xml">
      <Filter>Resource Files</Filter>
    </Xml>
    <Xml Include="test.xml">
      <Filter>Source Files</Filter>
    </Xml>
    <Xml Include="world.xml">
      <Filter>Source Files</Filter>
    </Xml>
  </ItemGroup>
  <ItemGroup>
    <Text Include="prog1cons.txt">
      <Filter>Resource Files</Filter>
    </Text>
    <Text Include="test1.txt">
      <Filter>Source Files</Filter>
    </Text>
  </ItemGroup>
</Project>